{
  "name": "bison-local-data-middleware",
  "version": "1.0.0",
  "lockfileVersion": 1,
  "requires": true,
  "dependencies": {
    "@expo/websql": {
      "version": "1.0.1",
      "resolved": "https://registry.npmjs.org/@expo/websql/-/websql-1.0.1.tgz",
      "integrity": "sha1-//DPnBuqH3D54dZYt8OaQg2bEKk=",
      "requires": {
        "argsarray": "^0.0.1",
        "immediate": "^3.2.2",
        "noop-fn": "^1.0.0",
        "pouchdb-collections": "^1.0.1",
        "tiny-queue": "^0.2.1"
      }
    },
    "argsarray": {
      "version": "0.0.1",
      "resolved": "https://registry.npmjs.org/argsarray/-/argsarray-0.0.1.tgz",
      "integrity": "sha1-bnIHtOzbObCviDA/pa4ivajfYcs="
    },
    "expo-modules-core": {
      "version": "0.2.0",
      "resolved": "https://registry.npmjs.org/expo-modules-core/-/expo-modules-core-0.2.0.tgz",
      "integrity": "sha512-inpfZ5X/BaTtbj2wG9PA9AC0MN8VyId6KSRlVuEg7+ziurHBy/kKDFxpOddUokhwiln2uhoYPSStJjR/tKypdw=="
    },
    "expo-network": {
      "version": "3.2.0",
      "resolved": "https://registry.npmjs.org/expo-network/-/expo-network-3.2.0.tgz",
      "integrity": "sha512-a1nwP3mwYLQmOiUUG3wmSn7auWy7pXCjqriu4+QsH3Fhkcr9OA0XnPSMEDiDM5rQeuZq//q+JndKCHRYzV6YKw=="
    },
    "expo-sqlite": {
      "version": "9.2.1",
      "resolved": "https://registry.npmjs.org/expo-sqlite/-/expo-sqlite-9.2.1.tgz",
      "integrity": "sha512-OTN3Dn/S07rmPEiMA8D4OXWvSwahckyAFWqgCAPUy6yjYI1O5ykhXZ37eerFJNMgSZqfOQ719lpYB0pdIKY6kA==",
      "requires": {
        "@expo/websql": "^1.0.1",
        "expo-modules-core": "~0.2.0",
        "lodash": "^4.17.15"
      }
    },
    "immediate": {
      "version": "3.3.0",
      "resolved": "https://registry.npmjs.org/immediate/-/immediate-3.3.0.tgz",
      "integrity": "sha512-HR7EVodfFUdQCTIeySw+WDRFJlPcLOJbXfwwZ7Oom6tjsvZ3bOkCDJHehQC3nxJrv7+f9XecwazynjU8e4Vw3Q=="
    },
    "lodash": {
      "version": "4.17.21",
      "resolved": "https://registry.npmjs.org/lodash/-/lodash-4.17.21.tgz",
      "integrity": "sha512-v2kDEe57lecTulaDIuNTPy3Ry4gLGJ6Z1O3vE1krgXZNrsQ+LFTGHVxVjcXPs17LhbZVGedAJv8XZ1tvj5FvSg=="
    },
    "noop-fn": {
      "version": "1.0.0",
      "resolved": "https://registry.npmjs.org/noop-fn/-/noop-fn-1.0.0.tgz",
      "integrity": "sha1-XzPUfxPSFQ35PgywNmmemC94/78="
    },
    "pouchdb-collections": {
      "version": "1.0.1",
      "resolved": "https://registry.npmjs.org/pouchdb-collections/-/pouchdb-collections-1.0.1.tgz",
      "integrity": "sha1-/mOhfal3YRq+98uAJssalVP9g1k="
    },
    "tiny-queue": {
      "version": "0.2.1",
      "resolved": "https://registry.npmjs.org/tiny-queue/-/tiny-queue-0.2.1.tgz",
      "integrity": "sha1-JaZ/LG4lOyypQZd7XvdELvl6YEY="
    }
  }
}
